
Microsoft Visual Studio Solution File, Format Version 12.00
# Visual Studio Version 17
VisualStudioVersion = 17.7.34031.279
MinimumVisualStudioVersion = 10.0.40219.1
Project("{FAE04EC0-301F-11D3-BF4B-00C04F79EFBC}") = "Buoi1_1", "Buoi1_1\Buoi1_1.csproj", "{F256D6C7-6895-4E57-88D3-E758863E6DFA}"
EndProject
Project("{FAE04EC0-301F-11D3-BF4B-00C04F79EFBC}") = "Buoi1_2", "Buoi1_2\Buoi1_2.csproj", "{40492E75-6C00-4535-A2E2-EB9AFE8A4084}"
EndProject
Project("{FAE04EC0-301F-11D3-BF4B-00C04F79EFBC}") = "Buoi1_3", "Buoi1_3\Buoi1_3.csproj", "{71E59A6A-8EA8-4C07-B2D9-B8DFE85F807A}"
EndProject
Project("{FAE04EC0-301F-11D3-BF4B-00C04F79EFBC}") = "Buoi1_4", "Buoi1_4\Buoi1_4.csproj", "{463AFA74-DC38-4608-AD2C-968E51AB5EE2}"
EndProject
Project("{FAE04EC0-301F-11D3-BF4B-00C04F79EFBC}") = "Buoi1_5", "Buoi1_5\Buoi1_5.csproj", "{84386A1F-ECC0-44AE-B1F0-6049069BD59D}"
EndProject
Project("{FAE04EC0-301F-11D3-BF4B-00C04F79EFBC}") = "Buoi1_6", "Buoi1_6\Buoi1_6.csproj", "{5C95D463-CCB7-4BA1-8B7B-3E25269960BA}"
EndProject
Project("{FAE04EC0-301F-11D3-BF4B-00C04F79EFBC}") = "Buoi1_7", "Buoi1_7\Buoi1_7.csproj", "{F44B5AF0-AAA8-42AD-999F-E8965FAB2400}"
EndProject
Project("{FAE04EC0-301F-11D3-BF4B-00C04F79EFBC}") = "Buoi2_1", "Buoi2_1\Buoi2_1.csproj", "{B23189CB-A531-4A10-9901-AA846BC801AF}"
EndProject
Project("{FAE04EC0-301F-11D3-BF4B-00C04F79EFBC}") = "Buoi2_2", "Buoi2_2\Buoi2_2.csproj", "{FF5EB20A-3CE7-429E-AF39-D32F353D1FA3}"
EndProject
Project("{FAE04EC0-301F-11D3-BF4B-00C04F79EFBC}") = "Buoi2_3", "Buoi2_3\Buoi2_3.csproj", "{D98385F3-2686-432A-94B7-DFCC884181E2}"
EndProject
Project("{FAE04EC0-301F-11D3-BF4B-00C04F79EFBC}") = "Buoi3_1", "Buoi3_1\Buoi3_1.csproj", "{962115DF-0403-4EBE-8610-BC0F5233CF8A}"
EndProject
Project("{FAE04EC0-301F-11D3-BF4B-00C04F79EFBC}") = "Buoi3_2", "Buoi3_2\Buoi3_2.csproj", "{7EAA1896-6235-4F2F-A943-0C614EFC2AA3}"
EndProject
Project("{FAE04EC0-301F-11D3-BF4B-00C04F79EFBC}") = "Buoi3_BTVN", "Buoi3_baitapvenha\Buoi3_BTVN.csproj", "{C06AC4EA-83DD-4244-BF0E-0A419517F717}"
EndProject
Project("{FAE04EC0-301F-11D3-BF4B-00C04F79EFBC}") = "Buoi5_1", "Buoi5_1\Buoi5_1.csproj", "{F17B9D05-E7ED-4F30-A89C-6DFB193E989E}"
EndProject
Project("{FAE04EC0-301F-11D3-BF4B-00C04F79EFBC}") = "Buoi5_2", "Buoi5_2\Buoi5_2.csproj", "{523EDA7E-A78A-4CDD-B1CB-5B6BEAAF6F9E}"
EndProject
Project("{FAE04EC0-301F-11D3-BF4B-00C04F79EFBC}") = "Buoi5_3", "Buoi5_3\Buoi5_3.csproj", "{53EFAAC9-7A05-4A30-A5F2-C9B5B65424D9}"
EndProject
Project("{FAE04EC0-301F-11D3-BF4B-00C04F79EFBC}") = "Buoi6_1", "Buoi6_1\Buoi6_1.csproj", "{47E199F9-3DFA-479F-AE74-8DF3A4636C5F}"
EndProject
Project("{FAE04EC0-301F-11D3-BF4B-00C04F79EFBC}") = "Buoi4_1", "Buoi4_1\Buoi4_1.csproj", "{6C749DDD-62F2-4F44-9B67-D5BFED28643C}"
EndProject
Project("{FAE04EC0-301F-11D3-BF4B-00C04F79EFBC}") = "Buoi7_1", "Buoi7_1\Buoi7_1.csproj", "{AACF7BB1-7224-4C3A-A208-F886AD583399}"
EndProject
Project("{FAE04EC0-301F-11D3-BF4B-00C04F79EFBC}") = "BUOI4_2", "BUOI4_2\BUOI4_2.csproj", "{EE101120-0014-466B-81EE-0B1483C56D80}"
EndProject
Project("{FAE04EC0-301F-11D3-BF4B-00C04F79EFBC}") = "BUOI5_4", "BUOI5_4\BUOI5_4.csproj", "{20773941-C737-46CC-AC89-F1647CE67755}"
EndProject
Project("{FAE04EC0-301F-11D3-BF4B-00C04F79EFBC}") = "BUOI5_5", "BUOI5_5\BUOI5_5.csproj", "{FED2BF20-0086-49D9-A0F1-AC486358F679}"
EndProject
Project("{FAE04EC0-301F-11D3-BF4B-00C04F79EFBC}") = "BUOI1_8", "BUOI1_8\BUOI1_8.csproj", "{C4DEBC80-C122-4FC7-8E89-EF013AFF7CDD}"
EndProject
Global
	GlobalSection(SolutionConfigurationPlatforms) = preSolution
		Debug|Any CPU = Debug|Any CPU
		Release|Any CPU = Release|Any CPU
	EndGlobalSection
	GlobalSection(ProjectConfigurationPlatforms) = postSolution
		{F256D6C7-6895-4E57-88D3-E758863E6DFA}.Debug|Any CPU.ActiveCfg = Debug|Any CPU
		{F256D6C7-6895-4E57-88D3-E758863E6DFA}.Debug|Any CPU.Build.0 = Debug|Any CPU
		{F256D6C7-6895-4E57-88D3-E758863E6DFA}.Release|Any CPU.ActiveCfg = Release|Any CPU
		{F256D6C7-6895-4E57-88D3-E758863E6DFA}.Release|Any CPU.Build.0 = Release|Any CPU
		{40492E75-6C00-4535-A2E2-EB9AFE8A4084}.Debug|Any CPU.ActiveCfg = Debug|Any CPU
		{40492E75-6C00-4535-A2E2-EB9AFE8A4084}.Debug|Any CPU.Build.0 = Debug|Any CPU
		{40492E75-6C00-4535-A2E2-EB9AFE8A4084}.Release|Any CPU.ActiveCfg = Release|Any CPU
		{40492E75-6C00-4535-A2E2-EB9AFE8A4084}.Release|Any CPU.Build.0 = Release|Any CPU
		{71E59A6A-8EA8-4C07-B2D9-B8DFE85F807A}.Debug|Any CPU.ActiveCfg = Debug|Any CPU
		{71E59A6A-8EA8-4C07-B2D9-B8DFE85F807A}.Debug|Any CPU.Build.0 = Debug|Any CPU
		{71E59A6A-8EA8-4C07-B2D9-B8DFE85F807A}.Release|Any CPU.ActiveCfg = Release|Any CPU
		{71E59A6A-8EA8-4C07-B2D9-B8DFE85F807A}.Release|Any CPU.Build.0 = Release|Any CPU
		{463AFA74-DC38-4608-AD2C-968E51AB5EE2}.Debug|Any CPU.ActiveCfg = Debug|Any CPU
		{463AFA74-DC38-4608-AD2C-968E51AB5EE2}.Debug|Any CPU.Build.0 = Debug|Any CPU
		{463AFA74-DC38-4608-AD2C-968E51AB5EE2}.Release|Any CPU.ActiveCfg = Release|Any CPU
		{463AFA74-DC38-4608-AD2C-968E51AB5EE2}.Release|Any CPU.Build.0 = Release|Any CPU
		{84386A1F-ECC0-44AE-B1F0-6049069BD59D}.Debug|Any CPU.ActiveCfg = Debug|Any CPU
		{84386A1F-ECC0-44AE-B1F0-6049069BD59D}.Debug|Any CPU.Build.0 = Debug|Any CPU
		{84386A1F-ECC0-44AE-B1F0-6049069BD59D}.Release|Any CPU.ActiveCfg = Release|Any CPU
		{84386A1F-ECC0-44AE-B1F0-6049069BD59D}.Release|Any CPU.Build.0 = Release|Any CPU
		{5C95D463-CCB7-4BA1-8B7B-3E25269960BA}.Debug|Any CPU.ActiveCfg = Debug|Any CPU
		{5C95D463-CCB7-4BA1-8B7B-3E25269960BA}.Debug|Any CPU.Build.0 = Debug|Any CPU
		{5C95D463-CCB7-4BA1-8B7B-3E25269960BA}.Release|Any CPU.ActiveCfg = Release|Any CPU
		{5C95D463-CCB7-4BA1-8B7B-3E25269960BA}.Release|Any CPU.Build.0 = Release|Any CPU
		{F44B5AF0-AAA8-42AD-999F-E8965FAB2400}.Debug|Any CPU.ActiveCfg = Debug|Any CPU
		{F44B5AF0-AAA8-42AD-999F-E8965FAB2400}.Debug|Any CPU.Build.0 = Debug|Any CPU
		{F44B5AF0-AAA8-42AD-999F-E8965FAB2400}.Release|Any CPU.ActiveCfg = Release|Any CPU
		{F44B5AF0-AAA8-42AD-999F-E8965FAB2400}.Release|Any CPU.Build.0 = Release|Any CPU
		{B23189CB-A531-4A10-9901-AA846BC801AF}.Debug|Any CPU.ActiveCfg = Debug|Any CPU
		{B23189CB-A531-4A10-9901-AA846BC801AF}.Debug|Any CPU.Build.0 = Debug|Any CPU
		{B23189CB-A531-4A10-9901-AA846BC801AF}.Release|Any CPU.ActiveCfg = Release|Any CPU
		{B23189CB-A531-4A10-9901-AA846BC801AF}.Release|Any CPU.Build.0 = Release|Any CPU
		{FF5EB20A-3CE7-429E-AF39-D32F353D1FA3}.Debug|Any CPU.ActiveCfg = Debug|Any CPU
		{FF5EB20A-3CE7-429E-AF39-D32F353D1FA3}.Debug|Any CPU.Build.0 = Debug|Any CPU
		{FF5EB20A-3CE7-429E-AF39-D32F353D1FA3}.Release|Any CPU.ActiveCfg = Release|Any CPU
		{FF5EB20A-3CE7-429E-AF39-D32F353D1FA3}.Release|Any CPU.Build.0 = Release|Any CPU
		{D98385F3-2686-432A-94B7-DFCC884181E2}.Debug|Any CPU.ActiveCfg = Debug|Any CPU
		{D98385F3-2686-432A-94B7-DFCC884181E2}.Debug|Any CPU.Build.0 = Debug|Any CPU
		{D98385F3-2686-432A-94B7-DFCC884181E2}.Release|Any CPU.ActiveCfg = Release|Any CPU
		{D98385F3-2686-432A-94B7-DFCC884181E2}.Release|Any CPU.Build.0 = Release|Any CPU
		{962115DF-0403-4EBE-8610-BC0F5233CF8A}.Debug|Any CPU.ActiveCfg = Debug|Any CPU
		{962115DF-0403-4EBE-8610-BC0F5233CF8A}.Debug|Any CPU.Build.0 = Debug|Any CPU
		{962115DF-0403-4EBE-8610-BC0F5233CF8A}.Release|Any CPU.ActiveCfg = Release|Any CPU
		{962115DF-0403-4EBE-8610-BC0F5233CF8A}.Release|Any CPU.Build.0 = Release|Any CPU
		{7EAA1896-6235-4F2F-A943-0C614EFC2AA3}.Debug|Any CPU.ActiveCfg = Debug|Any CPU
		{7EAA1896-6235-4F2F-A943-0C614EFC2AA3}.Debug|Any CPU.Build.0 = Debug|Any CPU
		{7EAA1896-6235-4F2F-A943-0C614EFC2AA3}.Release|Any CPU.ActiveCfg = Release|Any CPU
		{7EAA1896-6235-4F2F-A943-0C614EFC2AA3}.Release|Any CPU.Build.0 = Release|Any CPU
		{C06AC4EA-83DD-4244-BF0E-0A419517F717}.Debug|Any CPU.ActiveCfg = Debug|Any CPU
		{C06AC4EA-83DD-4244-BF0E-0A419517F717}.Debug|Any CPU.Build.0 = Debug|Any CPU
		{C06AC4EA-83DD-4244-BF0E-0A419517F717}.Release|Any CPU.ActiveCfg = Release|Any CPU
		{C06AC4EA-83DD-4244-BF0E-0A419517F717}.Release|Any CPU.Build.0 = Release|Any CPU
		{F17B9D05-E7ED-4F30-A89C-6DFB193E989E}.Debug|Any CPU.ActiveCfg = Debug|Any CPU
		{F17B9D05-E7ED-4F30-A89C-6DFB193E989E}.Debug|Any CPU.Build.0 = Debug|Any CPU
		{F17B9D05-E7ED-4F30-A89C-6DFB193E989E}.Release|Any CPU.ActiveCfg = Release|Any CPU
		{F17B9D05-E7ED-4F30-A89C-6DFB193E989E}.Release|Any CPU.Build.0 = Release|Any CPU
		{523EDA7E-A78A-4CDD-B1CB-5B6BEAAF6F9E}.Debug|Any CPU.ActiveCfg = Debug|Any CPU
		{523EDA7E-A78A-4CDD-B1CB-5B6BEAAF6F9E}.Debug|Any CPU.Build.0 = Debug|Any CPU
		{523EDA7E-A78A-4CDD-B1CB-5B6BEAAF6F9E}.Release|Any CPU.ActiveCfg = Release|Any CPU
		{523EDA7E-A78A-4CDD-B1CB-5B6BEAAF6F9E}.Release|Any CPU.Build.0 = Release|Any CPU
		{53EFAAC9-7A05-4A30-A5F2-C9B5B65424D9}.Debug|Any CPU.ActiveCfg = Debug|Any CPU
		{53EFAAC9-7A05-4A30-A5F2-C9B5B65424D9}.Debug|Any CPU.Build.0 = Debug|Any CPU
		{53EFAAC9-7A05-4A30-A5F2-C9B5B65424D9}.Release|Any CPU.ActiveCfg = Release|Any CPU
		{53EFAAC9-7A05-4A30-A5F2-C9B5B65424D9}.Release|Any CPU.Build.0 = Release|Any CPU
		{47E199F9-3DFA-479F-AE74-8DF3A4636C5F}.Debug|Any CPU.ActiveCfg = Debug|Any CPU
		{47E199F9-3DFA-479F-AE74-8DF3A4636C5F}.Debug|Any CPU.Build.0 = Debug|Any CPU
		{47E199F9-3DFA-479F-AE74-8DF3A4636C5F}.Release|Any CPU.ActiveCfg = Release|Any CPU
		{47E199F9-3DFA-479F-AE74-8DF3A4636C5F}.Release|Any CPU.Build.0 = Release|Any CPU
		{6C749DDD-62F2-4F44-9B67-D5BFED28643C}.Debug|Any CPU.ActiveCfg = Debug|Any CPU
		{6C749DDD-62F2-4F44-9B67-D5BFED28643C}.Debug|Any CPU.Build.0 = Debug|Any CPU
		{6C749DDD-62F2-4F44-9B67-D5BFED28643C}.Release|Any CPU.ActiveCfg = Release|Any CPU
		{6C749DDD-62F2-4F44-9B67-D5BFED28643C}.Release|Any CPU.Build.0 = Release|Any CPU
		{AACF7BB1-7224-4C3A-A208-F886AD583399}.Debug|Any CPU.ActiveCfg = Debug|Any CPU
		{AACF7BB1-7224-4C3A-A208-F886AD583399}.Debug|Any CPU.Build.0 = Debug|Any CPU
		{AACF7BB1-7224-4C3A-A208-F886AD583399}.Release|Any CPU.ActiveCfg = Release|Any CPU
		{AACF7BB1-7224-4C3A-A208-F886AD583399}.Release|Any CPU.Build.0 = Release|Any CPU
		{EE101120-0014-466B-81EE-0B1483C56D80}.Debug|Any CPU.ActiveCfg = Debug|Any CPU
		{EE101120-0014-466B-81EE-0B1483C56D80}.Debug|Any CPU.Build.0 = Debug|Any CPU
		{EE101120-0014-466B-81EE-0B1483C56D80}.Release|Any CPU.ActiveCfg = Release|Any CPU
		{EE101120-0014-466B-81EE-0B1483C56D80}.Release|Any CPU.Build.0 = Release|Any CPU
		{20773941-C737-46CC-AC89-F1647CE67755}.Debug|Any CPU.ActiveCfg = Debug|Any CPU
		{20773941-C737-46CC-AC89-F1647CE67755}.Debug|Any CPU.Build.0 = Debug|Any CPU
		{20773941-C737-46CC-AC89-F1647CE67755}.Release|Any CPU.ActiveCfg = Release|Any CPU
		{20773941-C737-46CC-AC89-F1647CE67755}.Release|Any CPU.Build.0 = Release|Any CPU
		{FED2BF20-0086-49D9-A0F1-AC486358F679}.Debug|Any CPU.ActiveCfg = Debug|Any CPU
		{FED2BF20-0086-49D9-A0F1-AC486358F679}.Debug|Any CPU.Build.0 = Debug|Any CPU
		{FED2BF20-0086-49D9-A0F1-AC486358F679}.Release|Any CPU.ActiveCfg = Release|Any CPU
		{FED2BF20-0086-49D9-A0F1-AC486358F679}.Release|Any CPU.Build.0 = Release|Any CPU
		{C4DEBC80-C122-4FC7-8E89-EF013AFF7CDD}.Debug|Any CPU.ActiveCfg = Debug|Any CPU
		{C4DEBC80-C122-4FC7-8E89-EF013AFF7CDD}.Debug|Any CPU.Build.0 = Debug|Any CPU
		{C4DEBC80-C122-4FC7-8E89-EF013AFF7CDD}.Release|Any CPU.ActiveCfg = Release|Any CPU
		{C4DEBC80-C122-4FC7-8E89-EF013AFF7CDD}.Release|Any CPU.Build.0 = Release|Any CPU
	EndGlobalSection
	GlobalSection(SolutionProperties) = preSolution
		HideSolutionNode = FALSE
	EndGlobalSection
	GlobalSection(ExtensibilityGlobals) = postSolution
		SolutionGuid = {AD85923C-14B5-49A2-9A12-13B3B14BCB98}
	EndGlobalSection
EndGlobal
